
Microsoft Visual Studio Solution File, Format Version 12.00
# Visual Studio Version 17
VisualStudioVersion = 17.5.33516.290
MinimumVisualStudioVersion = 10.0.40219.1
Project("{FAE04EC0-301F-11D3-BF4B-00C04F79EFBC}") = "Simon_Says", "Simon_Says.csproj", "{A50B3574-3022-4E76-910D-E66CDFFC1290}"
EndProject
Global
	GlobalSection(SolutionConfigurationPlatforms) = preSolution
		Debug|Any CPU = Debug|Any CPU
		Release|Any CPU = Release|Any CPU
	EndGlobalSection
	GlobalSection(ProjectConfigurationPlatforms) = postSolution
		{A50B3574-3022-4E76-910D-E66CDFFC1290}.Debug|Any CPU.ActiveCfg = Debug|Any CPU
		{A50B3574-3022-4E76-910D-E66CDFFC1290}.Debug|Any CPU.Build.0 = Debug|Any CPU
		{A50B3574-3022-4E76-910D-E66CDFFC1290}.Release|Any CPU.ActiveCfg = Release|Any CPU
		{A50B3574-3022-4E76-910D-E66CDFFC1290}.Release|Any CPU.Build.0 = Release|Any CPU
	EndGlobalSection
	GlobalSection(SolutionProperties) = preSolution
		HideSolutionNode = FALSE
	EndGlobalSection
	GlobalSection(ExtensibilityGlobals) = postSolution
		SolutionGuid = {C196FB16-C3E1-4353-9E43-8DA8CA062043}
	EndGlobalSection
EndGlobal
